// !$*UTF8*$!
{
	archiveVersion = 1;
	classes = {
	};
	objectVersion = 46;
	objects = {

/* Begin PBXBuildFile section */
		7738723719F1474400C08A21 /* AppDelegate.swift in Sources */ = {isa = PBXBuildFile; fileRef = 7738723619F1474400C08A21 /* AppDelegate.swift */; };
		7738723919F1474400C08A21 /* ViewController.swift in Sources */ = {isa = PBXBuildFile; fileRef = 7738723819F1474400C08A21 /* ViewController.swift */; };
		7738723C19F1474400C08A21 /* Main.storyboard in Resources */ = {isa = PBXBuildFile; fileRef = 7738723A19F1474400C08A21 /* Main.storyboard */; };
		7738723E19F1474400C08A21 /* Images.xcassets in Resources */ = {isa = PBXBuildFile; fileRef = 7738723D19F1474400C08A21 /* Images.xcassets */; };
		7738724119F1474400C08A21 /* LaunchScreen.xib in Resources */ = {isa = PBXBuildFile; fileRef = 7738723F19F1474400C08A21 /* LaunchScreen.xib */; };
		7738724D19F1474400C08A21 /* CopyContactsTests.swift in Sources */ = {isa = PBXBuildFile; fileRef = 7738724C19F1474400C08A21 /* CopyContactsTests.swift */; };
/* End PBXBuildFile section */

/* Begin PBXContainerItemProxy section */
		7738724719F1474400C08A21 /* PBXContainerItemProxy */ = {
			isa = PBXContainerItemProxy;
			containerPortal = 7738722919F1474400C08A21 /* Project object */;
			proxyType = 1;
			remoteGlobalIDString = 7738723019F1474400C08A21;
			remoteInfo = CopyContacts;
		};
/* End PBXContainerItemProxy section */

/* Begin PBXFileReference section */
		7738723119F1474400C08A21 /* CopyContacts.app */ = {isa = PBXFileReference; explicitFileType = wrapper.application; includeInIndex = 0; path = CopyContacts.app; sourceTree = BUILT_PRODUCTS_DIR; };
		7738723519F1474400C08A21 /* Info.plist */ = {isa = PBXFileReference; lastKnownFileType = text.plist.xml; path = Info.plist; sourceTree = "<group>"; };
		7738723619F1474400C08A21 /* AppDelegate.swift */ = {isa = PBXFileReference; lastKnownFileType = sourcecode.swift; path = AppDelegate.swift; sourceTree = "<group>"; };
		7738723819F1474400C08A21 /* ViewController.swift */ = {isa = PBXFileReference; lastKnownFileType = sourcecode.swift; path = ViewController.swift; sourceTree = "<group>"; };
		7738723B19F1474400C08A21 /* Base */ = {isa = PBXFileReference; lastKnownFileType = file.storyboard; name = Base; path = Base.lproj/Main.storyboard; sourceTree = "<group>"; };
		7738723D19F1474400C08A21 /* Images.xcassets */ = {isa = PBXFileReference; lastKnownFileType = folder.assetcatalog; path = Images.xcassets; sourceTree = "<group>"; };
		7738724019F1474400C08A21 /* Base */ = {isa = PBXFileReference; lastKnownFileType = file.xib; name = Base; path = Base.lproj/LaunchScreen.xib; sourceTree = "<group>"; };
		7738724619F1474400C08A21 /* CopyContactsTests.xctest */ = {isa = PBXFileReference; explicitFileType = wrapper.cfbundle; includeInIndex = 0; path = CopyContactsTests.xctest; sourceTree = BUILT_PRODUCTS_DIR; };
		7738724B19F1474400C08A21 /* Info.plist */ = {isa = PBXFileReference; lastKnownFileType = text.plist.xml; path = Info.plist; sourceTree = "<group>"; };
		7738724C19F1474400C08A21 /* CopyContactsTests.swift */ = {isa = PBXFileReference; lastKnownFileType = sourcecode.swift; path = CopyContactsTests.swift; sourceTree = "<group>"; };
/* End PBXFileReference section */

/* Begin PBXFrameworksBuildPhase section */
		7738722E19F1474400C08A21 /* Frameworks */ = {
			isa = PBXFrameworksBuildPhase;
			buildActionMask = 2147483647;
			files = (
			);
			runOnlyForDeploymentPostprocessing = 0;
		};
		7738724319F1474400C08A21 /* Frameworks */ = {
			isa = PBXFrameworksBuildPhase;
			buildActionMask = 2147483647;
			files = (
			);
			runOnlyForDeploymentPostprocessing = 0;
		};
/* End PBXFrameworksBuildPhase section */

/* Begin PBXGroup section */
		7738722819F1474400C08A21 = {
			isa = PBXGroup;
			children = (
				7738723319F1474400C08A21 /* CopyContacts */,
				7738724919F1474400C08A21 /* CopyContactsTests */,
				7738723219F1474400C08A21 /* Products */,
			);
			sourceTree = "<group>";
		};
		7738723219F1474400C08A21 /* Products */ = {
			isa = PBXGroup;
			children = (
				7738723119F1474400C08A21 /* CopyContacts.app */,
				7738724619F1474400C08A21 /* CopyContactsTests.xctest */,
			);
			name = Products;
			sourceTree = "<group>";
		};
		7738723319F1474400C08A21 /* CopyContacts */ = {
			isa = PBXGroup;
			children = (
				7738723619F1474400C08A21 /* AppDelegate.swift */,
				7738723819F1474400C08A21 /* ViewController.swift */,
				7738723A19F1474400C08A21 /* Main.storyboard */,
				7738723D19F1474400C08A21 /* Images.xcassets */,
				7738723F19F1474400C08A21 /* LaunchScreen.xib */,
				7738723419F1474400C08A21 /* Supporting Files */,
			);
			path = CopyContacts;
			sourceTree = "<group>";
		};
		7738723419F1474400C08A21 /* Supporting Files */ = {
			isa = PBXGroup;
			children = (
				7738723519F1474400C08A21 /* Info.plist */,
			);
			name = "Supporting Files";
			sourceTree = "<group>";
		};
		7738724919F1474400C08A21 /* CopyContactsTests */ = {
			isa = PBXGroup;
			children = (
				7738724C19F1474400C08A21 /* CopyContactsTests.swift */,
				7738724A19F1474400C08A21 /* Supporting Files */,
			);
			path = CopyContactsTests;
			sourceTree = "<group>";
		};
		7738724A19F1474400C08A21 /* Supporting Files */ = {
			isa = PBXGroup;
			children = (
				7738724B19F1474400C08A21 /* Info.plist */,
			);
			name = "Supporting Files";
			sourceTree = "<group>";
		};
/* End PBXGroup section */

/* Begin PBXNativeTarget section */
		7738723019F1474400C08A21 /* CopyContacts */ = {
			isa = PBXNativeTarget;
			buildConfigurationList = 7738725019F1474400C08A21 /* Build configuration list for PBXNativeTarget "CopyContacts" */;
			buildPhases = (
				7738722D19F1474400C08A21 /* Sources */,
				7738722E19F1474400C08A21 /* Frameworks */,
				7738722F19F1474400C08A21 /* Resources */,
			);
			buildRules = (
			);
			dependencies = (
			);
			name = CopyContacts;
			productName = CopyContacts;
			productReference = 7738723119F1474400C08A21 /* CopyContacts.app */;
			productType = "com.apple.product-type.application";
		};
		7738724519F1474400C08A21 /* CopyContactsTests */ = {
			isa = PBXNativeTarget;
			buildConfigurationList = 7738725319F1474400C08A21 /* Build configuration list for PBXNativeTarget "CopyContactsTests" */;
			buildPhases = (
				7738724219F1474400C08A21 /* Sources */,
				7738724319F1474400C08A21 /* Frameworks */,
				7738724419F1474400C08A21 /* Resources */,
			);
			buildRules = (
			);
			dependencies = (
				7738724819F1474400C08A21 /* PBXTargetDependency */,
			);
			name = CopyContactsTests;
			productName = CopyContactsTests;
			productReference = 7738724619F1474400C08A21 /* CopyContactsTests.xctest */;
			productType = "com.apple.product-type.bundle.unit-test";
		};
/* End PBXNativeTarget section */

/* Begin PBXProject section */
		7738722919F1474400C08A21 /* Project object */ = {
			isa = PBXProject;
			attributes = {
				LastUpgradeCheck = 0600;
				ORGANIZATIONNAME = "Olga Kogan";
				TargetAttributes = {
					7738723019F1474400C08A21 = {
						CreatedOnToolsVersion = 6.0.1;
					};
					7738724519F1474400C08A21 = {
						CreatedOnToolsVersion = 6.0.1;
						TestTargetID = 7738723019F1474400C08A21;
					};
				};
			};
			buildConfigurationList = 7738722C19F1474400C08A21 /* Build configuration list for PBXProject "CopyContacts" */;
			compatibilityVersion = "Xcode 3.2";
			developmentRegion = English;
			hasScannedForEncodings = 0;
			knownRegions = (
				en,
				Base,
			);
			mainGroup = 7738722819F1474400C08A21;
			productRefGroup = 7738723219F1474400C08A21 /* Products */;
			projectDirPath = "";
			projectRoot = "";
			targets = (
				7738723019F1474400C08A21 /* CopyContacts */,
				7738724519F1474400C08A21 /* CopyContactsTests */,
			);
		};
/* End PBXProject section */

/* Begin PBXResourcesBuildPhase section */
		7738722F19F1474400C08A21 /* Resources */ = {
			isa = PBXResourcesBuildPhase;
			buildActionMask = 2147483647;
			files = (
				7738723C19F1474400C08A21 /* Main.storyboard in Resources */,
				7738724119F1474400C08A21 /* LaunchScreen.xib in Resources */,
				7738723E19F1474400C08A21 /* Images.xcassets in Resources */,
			);
			runOnlyForDeploymentPostprocessing = 0;
		};
		7738724419F1474400C08A21 /* Resources */ = {
			isa = PBXResourcesBuildPhase;
			buildActionMask = 2147483647;
			files = (
			);
			runOnlyForDeploymentPostprocessing = 0;
		};
/* End PBXResourcesBuildPhase section */

/* Begin PBXSourcesBuildPhase section */
		7738722D19F1474400C08A21 /* Sources */ = {
			isa = PBXSourcesBuildPhase;
			buildActionMask = 2147483647;
			files = (
				7738723919F1474400C08A21 /* ViewController.swift in Sources */,
				7738723719F1474400C08A21 /* AppDelegate.swift in Sources */,
			);
			runOnlyForDeploymentPostprocessing = 0;
		};
		7738724219F1474400C08A21 /* Sources */ = {
			isa = PBXSourcesBuildPhase;
			buildActionMask = 2147483647;
			files = (
				7738724D19F1474400C08A21 /* CopyContactsTests.swift in Sources */,
			);
			runOnlyForDeploymentPostprocessing = 0;
		};
/* End PBXSourcesBuildPhase section */

/* Begin PBXTargetDependency section */
		7738724819F1474400C08A21 /* PBXTargetDependency */ = {
			isa = PBXTargetDependency;
			target = 7738723019F1474400C08A21 /* CopyContacts */;
			targetProxy = 7738724719F1474400C08A21 /* PBXContainerItemProxy */;
		};
/* End PBXTargetDependency section */

/* Begin PBXVariantGroup section */
		7738723A19F1474400C08A21 /* Main.storyboard */ = {
			isa = PBXVariantGroup;
			children = (
				7738723B19F1474400C08A21 /* Base */,
			);
			name = Main.storyboard;
			sourceTree = "<group>";
		};
		7738723F19F1474400C08A21 /* LaunchScreen.xib */ = {
			isa = PBXVariantGroup;
			children = (
				7738724019F1474400C08A21 /* Base */,
			);
			name = LaunchScreen.xib;
			sourceTree = "<group>";
		};
/* End PBXVariantGroup section */

/* Begin XCBuildConfiguration section */
		7738724E19F1474400C08A21 /* Debug */ = {
			isa = XCBuildConfiguration;
			buildSettings = {
				ALWAYS_SEARCH_USER_PATHS = NO;
				CLANG_CXX_LANGUAGE_STANDARD = "gnu++0x";
				CLANG_CXX_LIBRARY = "libc++";
				CLANG_ENABLE_MODULES = YES;
				CLANG_ENABLE_OBJC_ARC = YES;
				CLANG_WARN_BOOL_CONVERSION = YES;
				CLANG_WARN_CONSTANT_CONVERSION = YES;
				CLANG_WARN_DIRECT_OBJC_ISA_USAGE = YES_ERROR;
				CLANG_WARN_EMPTY_BODY = YES;
				CLANG_WARN_ENUM_CONVERSION = YES;
				CLANG_WARN_INT_CONVERSION = YES;
				CLANG_WARN_OBJC_ROOT_CLASS = YES_ERROR;
				CLANG_WARN_UNREACHABLE_CODE = YES;
				CLANG_WARN__DUPLICATE_METHOD_MATCH = YES;
				"CODE_SIGN_IDENTITY[sdk=iphoneos*]" = "iPhone Developer";
				COPY_PHASE_STRIP = NO;
				ENABLE_STRICT_OBJC_MSGSEND = YES;
				GCC_C_LANGUAGE_STANDARD = gnu99;
				GCC_DYNAMIC_NO_PIC = NO;
				GCC_OPTIMIZATION_LEVEL = 0;
				GCC_PREPROCESSOR_DEFINITIONS = (
					"DEBUG=1",
					"$(inherited)",
				);
				GCC_SYMBOLS_PRIVATE_EXTERN = NO;
				GCC_WARN_64_TO_32_BIT_CONVERSION = YES;
				GCC_WARN_ABOUT_RETURN_TYPE = YES_ERROR;
				GCC_WARN_UNDECLARED_SELECTOR = YES;
				GCC_WARN_UNINITIALIZED_AUTOS = YES_AGGRESSIVE;
				GCC_WARN_UNUSED_FUNCTION = YES;
				GCC_WARN_UNUSED_VARIABLE = YES;
				IPHONEOS_DEPLOYMENT_TARGET = 8.0;
				MTL_ENABLE_DEBUG_INFO = YES;
				ONLY_ACTIVE_ARCH = YES;
				SDKROOT = iphoneos;
				SWIFT_OPTIMIZATION_LEVEL = "-Onone";
				TARGETED_DEVICE_FAMILY = "1,2";
			};
			name = Debug;
		};
		7738724F19F1474400C08A21 /* Release */ = {
			isa = XCBuildConfiguration;
			buildSettings = {
				ALWAYS_SEARCH_USER_PATHS = NO;
				CLANG_CXX_LANGUAGE_STANDARD = "gnu++0x";
				CLANG_CXX_LIBRARY = "libc++";
				CLANG_ENABLE_MODULES = YES;
				CLANG_ENABLE_OBJC_ARC = YES;
				CLANG_WARN_BOOL_CONVERSION = YES;
				CLANG_WARN_CONSTANT_CONVERSION = YES;
				CLANG_WARN_DIRECT_OBJC_ISA_USAGE = YES_ERROR;
				CLANG_WARN_EMPTY_BODY = YES;
				CLANG_WARN_ENUM_CONVERSION = YES;
				CLANG_WARN_INT_CONVERSION = YES;
				CLANG_WARN_OBJC_ROOT_CLASS = YES_ERROR;
				CLANG_WARN_UNREACHABLE_CODE = YES;
				CLANG_WARN__DUPLICATE_METHOD_MATCH = YES;
				"CODE_SIGN_IDENTITY[sdk=iphoneos*]" = "iPhone Developer";
				COPY_PHASE_STRIP = YES;
				ENABLE_NS_ASSERTIONS = NO;
				ENABLE_STRICT_OBJC_MSGSEND = YES;
				GCC_C_LANGUAGE_STANDARD = gnu99;
				GCC_WARN_64_TO_32_BIT_CONVERSION = YES;
				GCC_WARN_ABOUT_RETURN_TYPE = YES_ERROR;
				GCC_WARN_UNDECLARED_SELECTOR = YES;
				GCC_WARN_UNINITIALIZED_AUTOS = YES_AGGRESSIVE;
				GCC_WARN_UNUSED_FUNCTION = YES;
				GCC_WARN_UNUSED_VARIABLE = YES;
				IPHONEOS_DEPLOYMENT_TARGET = 8.0;
				MTL_ENABLE_DEBUG_INFO = NO;
				SDKROOT = iphoneos;
				TARGETED_DEVICE_FAMILY = "1,2";
				VALIDATE_PRODUCT = YES;
			};
			name = Release;
		};
		7738725119F1474400C08A21 /* Debug */ = {
			isa = XCBuildConfiguration;
			buildSettings = {
				ASSETCATALOG_COMPILER_APPICON_NAME = AppIcon;
				INFOPLIST_FILE = CopyContacts/Info.plist;
				LD_RUNPATH_SEARCH_PATHS = "$(inherited) @executable_path/Frameworks";
				PRODUCT_NAME = "$(TARGET_NAME)";
			};
			name = Debug;
		};
		7738725219F1474400C08A21 /* Release */ = {
			isa = XCBuildConfiguration;
			buildSettings = {
				ASSETCATALOG_COMPILER_APPICON_NAME = AppIcon;
				INFOPLIST_FILE = CopyContacts/Info.plist;
				LD_RUNPATH_SEARCH_PATHS = "$(inherited) @executable_path/Frameworks";
				PRODUCT_NAME = "$(TARGET_NAME)";
			};
			name = Release;
		};
		7738725419F1474400C08A21 /* Debug */ = {
			isa = XCBuildConfiguration;
			buildSettings = {
				BUNDLE_LOADER = "$(TEST_HOST)";
				FRAMEWORK_SEARCH_PATHS = (
					"$(SDKROOT)/Developer/Library/Frameworks",
					"$(inherited)",
				);
				GCC_PREPROCESSOR_DEFINITIONS = (
					"DEBUG=1",
					"$(inherited)",
				);
				INFOPLIST_FILE = CopyContactsTests/Info.plist;
				LD_RUNPATH_SEARCH_PATHS = "$(inherited) @executable_path/Frameworks @loader_path/Frameworks";
				PRODUCT_NAME = "$(TARGET_NAME)";
				TEST_HOST = "$(BUILT_PRODUCTS_DIR)/CopyContacts.app/CopyContacts";
			};
			name = Debug;
		};
		7738725519F1474400C08A21 /* Release */ = {
			isa = XCBuildConfiguration;
			buildSettings = {
				BUNDLE_LOADER = "$(TEST_HOST)";
				FRAMEWORK_SEARCH_PATHS = (
					"$(SDKROOT)/Developer/Library/Frameworks",
					"$(inherited)",
				);
				INFOPLIST_FILE = CopyContactsTests/Info.plist;
				LD_RUNPATH_SEARCH_PATHS = "$(inherited) @executable_path/Frameworks @loader_path/Frameworks";
				PRODUCT_NAME = "$(TARGET_NAME)";
				TEST_HOST = "$(BUILT_PRODUCTS_DIR)/CopyContacts.app/CopyContacts";
			};
			name = Release;
		};
/* End XCBuildConfiguration section */

/* Begin XCConfigurationList section */
		7738722C19F1474400C08A21 /* Build configuration list for PBXProject "CopyContacts" */ = {
			isa = XCConfigurationList;
			buildConfigurations = (
				7738724E19F1474400C08A21 /* Debug */,
				7738724F19F1474400C08A21 /* Release */,
			);
			defaultConfigurationIsVisible = 0;
			defaultConfigurationName = Release;
		};
		7738725019F1474400C08A21 /* Build configuration list for PBXNativeTarget "CopyContacts" */ = {
			isa = XCConfigurationList;
			buildConfigurations = (
				7738725119F1474400C08A21 /* Debug */,
				7738725219F1474400C08A21 /* Release */,
			);
			defaultConfigurationIsVisible = 0;
		};
		7738725319F1474400C08A21 /* Build configuration list for PBXNativeTarget "CopyContactsTests" */ = {
			isa = XCConfigurationList;
			buildConfigurations = (
				7738725419F1474400C08A21 /* Debug */,
				7738725519F1474400C08A21 /* Release */,
			);
			defaultConfigurationIsVisible = 0;
		};
/* End XCConfigurationList section */
	};
	rootObject = 7738722919F1474400C08A21 /* Project object */;
}
